
Microsoft Visual Studio Solution File, Format Version 12.00
# Visual Studio Version 17
VisualStudioVersion = 17.3.32901.215
MinimumVisualStudioVersion = 10.0.40219.1
Project("{8BC9CEB8-8B4A-11D0-8D11-00A0C91BC942}") = "Ficha_2_Ex_2", "Ficha_2_Ex_2.vcxproj", "{EE90F198-EA0D-437B-A872-A5105DFDC2E5}"
EndProject
Global
	GlobalSection(SolutionConfigurationPlatforms) = preSolution
		Debug|x64 = Debug|x64
		Debug|x86 = Debug|x86
		Release|x64 = Release|x64
		Release|x86 = Release|x86
	EndGlobalSection
	GlobalSection(ProjectConfigurationPlatforms) = postSolution
		{EE90F198-EA0D-437B-A872-A5105DFDC2E5}.Debug|x64.ActiveCfg = Debug|x64
		{EE90F198-EA0D-437B-A872-A5105DFDC2E5}.Debug|x64.Build.0 = Debug|x64
		{EE90F198-EA0D-437B-A872-A5105DFDC2E5}.Debug|x86.ActiveCfg = Debug|Win32
		{EE90F198-EA0D-437B-A872-A5105DFDC2E5}.Debug|x86.Build.0 = Debug|Win32
		{EE90F198-EA0D-437B-A872-A5105DFDC2E5}.Release|x64.ActiveCfg = Release|x64
		{EE90F198-EA0D-437B-A872-A5105DFDC2E5}.Release|x64.Build.0 = Release|x64
		{EE90F198-EA0D-437B-A872-A5105DFDC2E5}.Release|x86.ActiveCfg = Release|Win32
		{EE90F198-EA0D-437B-A872-A5105DFDC2E5}.Release|x86.Build.0 = Release|Win32
	EndGlobalSection
	GlobalSection(SolutionProperties) = preSolution
		HideSolutionNode = FALSE
	EndGlobalSection
	GlobalSection(ExtensibilityGlobals) = postSolution
		SolutionGuid = {D21C5E6D-F165-46A8-88D6-9D68197D768E}
	EndGlobalSection
EndGlobal
