
Microsoft Visual Studio Solution File, Format Version 12.00
# Visual Studio Version 17
VisualStudioVersion = 17.3.32901.215
MinimumVisualStudioVersion = 10.0.40219.1
Project("{8BC9CEB8-8B4A-11D0-8D11-00A0C91BC942}") = "Ficha_3_Ex3", "Ficha_3_Ex3.vcxproj", "{86344B01-97C4-4002-85D0-6145AD80F59F}"
EndProject
Global
	GlobalSection(SolutionConfigurationPlatforms) = preSolution
		Debug|x64 = Debug|x64
		Debug|x86 = Debug|x86
		Release|x64 = Release|x64
		Release|x86 = Release|x86
	EndGlobalSection
	GlobalSection(ProjectConfigurationPlatforms) = postSolution
		{86344B01-97C4-4002-85D0-6145AD80F59F}.Debug|x64.ActiveCfg = Debug|x64
		{86344B01-97C4-4002-85D0-6145AD80F59F}.Debug|x64.Build.0 = Debug|x64
		{86344B01-97C4-4002-85D0-6145AD80F59F}.Debug|x86.ActiveCfg = Debug|Win32
		{86344B01-97C4-4002-85D0-6145AD80F59F}.Debug|x86.Build.0 = Debug|Win32
		{86344B01-97C4-4002-85D0-6145AD80F59F}.Release|x64.ActiveCfg = Release|x64
		{86344B01-97C4-4002-85D0-6145AD80F59F}.Release|x64.Build.0 = Release|x64
		{86344B01-97C4-4002-85D0-6145AD80F59F}.Release|x86.ActiveCfg = Release|Win32
		{86344B01-97C4-4002-85D0-6145AD80F59F}.Release|x86.Build.0 = Release|Win32
	EndGlobalSection
	GlobalSection(SolutionProperties) = preSolution
		HideSolutionNode = FALSE
	EndGlobalSection
	GlobalSection(ExtensibilityGlobals) = postSolution
		SolutionGuid = {5CC304DA-D9DE-4BAE-B14C-93DAA87174FB}
	EndGlobalSection
EndGlobal
